
Microsoft Visual Studio Solution File, Format Version 12.00
# Visual Studio Version 17
VisualStudioVersion = 17.3.32505.426
MinimumVisualStudioVersion = 10.0.40219.1
Project("{9A19103F-16F7-4668-BE54-9A1E7A4F7556}") = "WritingCompilersAndInterpretersLib", "WritingCompilersAndInterpretersLib\WritingCompilersAndInterpretersLib.csproj", "{2812BC55-BDD3-46DD-9219-D4CE8C1B5C3C}"
EndProject
Project("{9A19103F-16F7-4668-BE54-9A1E7A4F7556}") = "WritingCompilersAndInterpretersTests", "WritingCompilersAndInterpretersTests\WritingCompilersAndInterpretersTests.csproj", "{6392D838-EFB8-4B2A-AE51-BD139F910262}"
EndProject
Project("{9A19103F-16F7-4668-BE54-9A1E7A4F7556}") = "PascalApp", "PascallApp\PascalApp.csproj", "{1FAEF8E5-FC0B-4F01-8706-666F23D80817}"
EndProject
Global
	GlobalSection(SolutionConfigurationPlatforms) = preSolution
		Debug|Any CPU = Debug|Any CPU
		Release|Any CPU = Release|Any CPU
	EndGlobalSection
	GlobalSection(ProjectConfigurationPlatforms) = postSolution
		{2812BC55-BDD3-46DD-9219-D4CE8C1B5C3C}.Debug|Any CPU.ActiveCfg = Debug|Any CPU
		{2812BC55-BDD3-46DD-9219-D4CE8C1B5C3C}.Debug|Any CPU.Build.0 = Debug|Any CPU
		{2812BC55-BDD3-46DD-9219-D4CE8C1B5C3C}.Release|Any CPU.ActiveCfg = Release|Any CPU
		{2812BC55-BDD3-46DD-9219-D4CE8C1B5C3C}.Release|Any CPU.Build.0 = Release|Any CPU
		{6392D838-EFB8-4B2A-AE51-BD139F910262}.Debug|Any CPU.ActiveCfg = Debug|Any CPU
		{6392D838-EFB8-4B2A-AE51-BD139F910262}.Debug|Any CPU.Build.0 = Debug|Any CPU
		{6392D838-EFB8-4B2A-AE51-BD139F910262}.Release|Any CPU.ActiveCfg = Release|Any CPU
		{6392D838-EFB8-4B2A-AE51-BD139F910262}.Release|Any CPU.Build.0 = Release|Any CPU
		{1FAEF8E5-FC0B-4F01-8706-666F23D80817}.Debug|Any CPU.ActiveCfg = Debug|Any CPU
		{1FAEF8E5-FC0B-4F01-8706-666F23D80817}.Debug|Any CPU.Build.0 = Debug|Any CPU
		{1FAEF8E5-FC0B-4F01-8706-666F23D80817}.Release|Any CPU.ActiveCfg = Release|Any CPU
		{1FAEF8E5-FC0B-4F01-8706-666F23D80817}.Release|Any CPU.Build.0 = Release|Any CPU
	EndGlobalSection
	GlobalSection(SolutionProperties) = preSolution
		HideSolutionNode = FALSE
	EndGlobalSection
	GlobalSection(ExtensibilityGlobals) = postSolution
		SolutionGuid = {98F65409-DEC3-4CA8-BA89-D1F23244AA16}
	EndGlobalSection
EndGlobal
